{
  "originHash" : "5f3436049b395fcbc71828c07d82e81a46af698ebe0b146cdc52345a5a60558d",
  "pins" : [
    {
      "identity" : "keychainaccess",
      "kind" : "remoteSourceControl",
      "location" : "https://github.com/kishikawakatsumi/KeychainAccess",
      "state" : {
        "revision" : "84e546727d66f1adc5439debad16270d0fdd04e7",
        "version" : "4.2.2"
      }
    },
    {
      "identity" : "supabase-swift",
      "kind" : "remoteSourceControl",
      "location" : "https://github.com/supabase/supabase-swift",
      "state" : {
        "revision" : "036c03d4862bd93f4d93c88f9a365dc292abb74f",
        "version" : "2.0.0"
      }
    },
    {
      "identity" : "swift-concurrency-extras",
      "kind" : "remoteSourceControl",
      "location" : "https://github.com/pointfreeco/swift-concurrency-extras",
      "state" : {
        "revision" : "5a3825302b1a0d744183200915a47b508c828e6f",
        "version" : "1.3.2"
      }
    }
  ],
  "version" : 3
}
